
Microsoft Visual Studio Solution File, Format Version 12.00
# Visual Studio Version 17
VisualStudioVersion = 17.8.34525.116
MinimumVisualStudioVersion = 10.0.40219.1
Project("{FAE04EC0-301F-11D3-BF4B-00C04F79EFBC}") = "Mechanical1stYearProject", "Mechanical1stYearProject\Mechanical1stYearProject.csproj", "{7F77E17F-0CED-452F-9986-939158A7F64F}"
EndProject
Global
	GlobalSection(SolutionConfigurationPlatforms) = preSolution
		Debug|Any CPU = Debug|Any CPU
		Release|Any CPU = Release|Any CPU
	EndGlobalSection
	GlobalSection(ProjectConfigurationPlatforms) = postSolution
		{7F77E17F-0CED-452F-9986-939158A7F64F}.Debug|Any CPU.ActiveCfg = Debug|Any CPU
		{7F77E17F-0CED-452F-9986-939158A7F64F}.Debug|Any CPU.Build.0 = Debug|Any CPU
		{7F77E17F-0CED-452F-9986-939158A7F64F}.Release|Any CPU.ActiveCfg = Release|Any CPU
		{7F77E17F-0CED-452F-9986-939158A7F64F}.Release|Any CPU.Build.0 = Release|Any CPU
	EndGlobalSection
	GlobalSection(SolutionProperties) = preSolution
		HideSolutionNode = FALSE
	EndGlobalSection
	GlobalSection(ExtensibilityGlobals) = postSolution
		SolutionGuid = {F983983B-C238-469F-884D-434A22289E71}
	EndGlobalSection
EndGlobal
